
Microsoft Visual Studio Solution File, Format Version 12.00
# Visual Studio Version 16
VisualStudioVersion = 25.0.1700.7
MinimumVisualStudioVersion = 10.0.40219.1
Project("{FAE04EC0-301F-11D3-BF4B-00C04F79EFBC}") = "EagleRock", "Eagle\EagleRock.csproj", "{5D3201E3-139D-4FB9-B1B4-0F8445772648}"
EndProject
Project("{FAE04EC0-301F-11D3-BF4B-00C04F79EFBC}") = "EagleRockTest", "EagleRockTest\EagleRockTest.csproj", "{9C61E610-FEEF-4363-9660-0199DF419363}"
EndProject
Project("{E53339B2-1760-4266-BCC7-CA923CBCF16C}") = "docker-compose", "docker-compose.dcproj", "{4D7C6ABD-1A20-4EAE-8886-79A522A82D7D}"
EndProject
Global
	GlobalSection(SolutionConfigurationPlatforms) = preSolution
		Debug|Any CPU = Debug|Any CPU
		Release|Any CPU = Release|Any CPU
	EndGlobalSection
	GlobalSection(ProjectConfigurationPlatforms) = postSolution
		{5D3201E3-139D-4FB9-B1B4-0F8445772648}.Debug|Any CPU.ActiveCfg = Debug|Any CPU
		{5D3201E3-139D-4FB9-B1B4-0F8445772648}.Debug|Any CPU.Build.0 = Debug|Any CPU
		{5D3201E3-139D-4FB9-B1B4-0F8445772648}.Release|Any CPU.ActiveCfg = Release|Any CPU
		{5D3201E3-139D-4FB9-B1B4-0F8445772648}.Release|Any CPU.Build.0 = Release|Any CPU
		{9C61E610-FEEF-4363-9660-0199DF419363}.Debug|Any CPU.ActiveCfg = Debug|Any CPU
		{9C61E610-FEEF-4363-9660-0199DF419363}.Debug|Any CPU.Build.0 = Debug|Any CPU
		{9C61E610-FEEF-4363-9660-0199DF419363}.Release|Any CPU.ActiveCfg = Release|Any CPU
		{9C61E610-FEEF-4363-9660-0199DF419363}.Release|Any CPU.Build.0 = Release|Any CPU
		{4D7C6ABD-1A20-4EAE-8886-79A522A82D7D}.Debug|Any CPU.ActiveCfg = Debug|Any CPU
		{4D7C6ABD-1A20-4EAE-8886-79A522A82D7D}.Debug|Any CPU.Build.0 = Debug|Any CPU
		{4D7C6ABD-1A20-4EAE-8886-79A522A82D7D}.Release|Any CPU.ActiveCfg = Release|Any CPU
		{4D7C6ABD-1A20-4EAE-8886-79A522A82D7D}.Release|Any CPU.Build.0 = Release|Any CPU
	EndGlobalSection
	GlobalSection(SolutionProperties) = preSolution
		HideSolutionNode = FALSE
	EndGlobalSection
	GlobalSection(ExtensibilityGlobals) = postSolution
		SolutionGuid = {09234723-8D32-45F2-A471-25EFEB303509}
	EndGlobalSection
EndGlobal
